{
    "name": "sarcasm-bot",
    "version": "1.0.0",
    "lockfileVersion": 1,
    "requires": true,
    "dependencies": {
        "discord.io": {
            "version": "github:izy521/discord.io#1b17c8617d402b48b86ca5dbde4121b8ffc7e0e4",
            "requires": {
                "cjopus": "0.0.4",
                "tweetnacl": "0.14.5",
                "ws": "1.1.5"
            }
        },
        "readable-stream": {
            "version": "2.3.6",
            "resolved": "https://registry.npmjs.org/readable-stream/-/readable-stream-2.3.6.tgz",
            "integrity": "sha512-tQtKA9WIAhBF3+VLAseyMqZeBjW0AHJoxOtYqSUZNJxauErmLbVm2FW1y+J/YA9dUrAC39ITejlZWhVIwawkKw==",
            "requires": {
                "core-util-is": "1.0.2",
                "inherits": "2.0.3",
                "isarray": "1.0.0",
                "process-nextick-args": "2.0.0",
                "safe-buffer": "5.1.2",
                "string_decoder": "1.1.1",
                "util-deprecate": "1.0.2"
            }
        },
        "ytdl-core": {
            "version": "0.20.4",
            "resolved": "https://registry.npmjs.org/ytdl-core/-/ytdl-core-0.20.4.tgz",
            "integrity": "sha512-d+jthiJxSQ6yqCeCwwMggXYOjFSOJsD7ahvAAE1sFW9nVNnsA/roz91SFH1FzaMGS7/y7AnJfhVgpE9i8uYjJQ==",
            "requires": {
                "html-entities": "1.2.1",
                "m3u8stream": "0.2.2",
                "miniget": "1.2.0",
                "sax": "1.2.4"
            }
        }
    }
}
